
Microsoft Visual Studio Solution File, Format Version 12.00
# Visual Studio Version 17
VisualStudioVersion = 17.9.34607.119
MinimumVisualStudioVersion = 10.0.40219.1
Project("{FAE04EC0-301F-11D3-BF4B-00C04F79EFBC}") = "LibraryManager", "LibraryManager\LibraryManager.csproj", "{1AAD58E5-7A5A-489C-908F-7D0235E6F617}"
EndProject
Global
	GlobalSection(SolutionConfigurationPlatforms) = preSolution
		Debug|Any CPU = Debug|Any CPU
		Release|Any CPU = Release|Any CPU
	EndGlobalSection
	GlobalSection(ProjectConfigurationPlatforms) = postSolution
		{1AAD58E5-7A5A-489C-908F-7D0235E6F617}.Debug|Any CPU.ActiveCfg = Debug|Any CPU
		{1AAD58E5-7A5A-489C-908F-7D0235E6F617}.Debug|Any CPU.Build.0 = Debug|Any CPU
		{1AAD58E5-7A5A-489C-908F-7D0235E6F617}.Release|Any CPU.ActiveCfg = Release|Any CPU
		{1AAD58E5-7A5A-489C-908F-7D0235E6F617}.Release|Any CPU.Build.0 = Release|Any CPU
	EndGlobalSection
	GlobalSection(SolutionProperties) = preSolution
		HideSolutionNode = FALSE
	EndGlobalSection
	GlobalSection(ExtensibilityGlobals) = postSolution
		SolutionGuid = {9745484D-5669-4EE3-B330-0B495C3BEC94}
	EndGlobalSection
EndGlobal
